
Microsoft Visual Studio Solution File, Format Version 12.00
# Visual Studio 14
VisualStudioVersion = 14.0.23107.0
MinimumVisualStudioVersion = 10.0.40219.1
Project("{FAE04EC0-301F-11D3-BF4B-00C04F79EFBC}") = "Sorry", "Sorry\Sorry.csproj", "{73242C01-005F-469E-918F-FF67D9154514}"
EndProject
Project("{FAE04EC0-301F-11D3-BF4B-00C04F79EFBC}") = "TestSorry", "TestSorry\TestSorry.csproj", "{BBEC1CB5-245B-4A79-A9FB-EE1E6850F8CF}"
EndProject
Project("{FAE04EC0-301F-11D3-BF4B-00C04F79EFBC}") = "EasyNetwork", "..\..\..\Source\Repos\EasyNetwork\EasyNetwork\EasyNetwork.csproj", "{B334B401-B417-4B74-862E-1FD8709FFA9F}"
EndProject
Project("{FAE04EC0-301F-11D3-BF4B-00C04F79EFBC}") = "EasyNetworkTests", "..\..\..\Source\Repos\EasyNetwork\EasyNetworkTests\EasyNetworkTests.csproj", "{3FDC1B2A-FEF6-4CDA-AD52-D30DA7EAC253}"
EndProject
Global
	GlobalSection(SolutionConfigurationPlatforms) = preSolution
		Debug|Any CPU = Debug|Any CPU
		Release|Any CPU = Release|Any CPU
	EndGlobalSection
	GlobalSection(ProjectConfigurationPlatforms) = postSolution
		{73242C01-005F-469E-918F-FF67D9154514}.Debug|Any CPU.ActiveCfg = Debug|Any CPU
		{73242C01-005F-469E-918F-FF67D9154514}.Debug|Any CPU.Build.0 = Debug|Any CPU
		{73242C01-005F-469E-918F-FF67D9154514}.Release|Any CPU.ActiveCfg = Release|Any CPU
		{73242C01-005F-469E-918F-FF67D9154514}.Release|Any CPU.Build.0 = Release|Any CPU
		{BBEC1CB5-245B-4A79-A9FB-EE1E6850F8CF}.Debug|Any CPU.ActiveCfg = Debug|Any CPU
		{BBEC1CB5-245B-4A79-A9FB-EE1E6850F8CF}.Debug|Any CPU.Build.0 = Debug|Any CPU
		{BBEC1CB5-245B-4A79-A9FB-EE1E6850F8CF}.Release|Any CPU.ActiveCfg = Release|Any CPU
		{BBEC1CB5-245B-4A79-A9FB-EE1E6850F8CF}.Release|Any CPU.Build.0 = Release|Any CPU
		{B334B401-B417-4B74-862E-1FD8709FFA9F}.Debug|Any CPU.ActiveCfg = Debug|Any CPU
		{B334B401-B417-4B74-862E-1FD8709FFA9F}.Debug|Any CPU.Build.0 = Debug|Any CPU
		{B334B401-B417-4B74-862E-1FD8709FFA9F}.Release|Any CPU.ActiveCfg = Release|Any CPU
		{B334B401-B417-4B74-862E-1FD8709FFA9F}.Release|Any CPU.Build.0 = Release|Any CPU
		{3FDC1B2A-FEF6-4CDA-AD52-D30DA7EAC253}.Debug|Any CPU.ActiveCfg = Debug|Any CPU
		{3FDC1B2A-FEF6-4CDA-AD52-D30DA7EAC253}.Debug|Any CPU.Build.0 = Debug|Any CPU
		{3FDC1B2A-FEF6-4CDA-AD52-D30DA7EAC253}.Release|Any CPU.ActiveCfg = Release|Any CPU
		{3FDC1B2A-FEF6-4CDA-AD52-D30DA7EAC253}.Release|Any CPU.Build.0 = Release|Any CPU
	EndGlobalSection
	GlobalSection(SolutionProperties) = preSolution
		HideSolutionNode = FALSE
	EndGlobalSection
EndGlobal
